#
# This file is autogenerated by pip-compile with Python 3.10
# by the following command:
#
#    pip-compile --extra=dev --output-file=requirements-dev.lock pyproject.toml
#
altair==6.1.0
    # via streamlit
annotated-doc==0.0.4
    # via fastapi
annotated-types==0.7.0
    # via pydantic
anyio==4.13.0
    # via
    #   httpx
    #   starlette
    #   streamlit
    #   watchfiles
ast-serialize==0.5.0
    # via mypy
attrs==26.1.0
    # via
    #   jsonschema
    #   referencing
backports-asyncio-runner==1.2.0
    # via pytest-asyncio
blinker==1.9.0
    # via streamlit
cachetools==7.1.4
    # via streamlit
certifi==2026.5.20
    # via
    #   httpcore
    #   httpx
    #   oci
    #   requests
cffi==2.0.0
    # via cryptography
charset-normalizer==3.4.7
    # via requests
circuitbreaker==2.1.3
    # via oci
click==8.4.1
    # via
    #   streamlit
    #   uvicorn
coverage[toml]==7.14.1
    # via pytest-cov
cryptography==46.0.7
    # via
    #   oci
    #   oracledb
    #   pyopenssl
exceptiongroup==1.3.1
    # via
    #   anyio
    #   pytest
fastapi==0.136.3
    # via sql-agent (pyproject.toml)
gitdb==4.0.12
    # via gitpython
gitpython==3.1.50
    # via streamlit
h11==0.16.0
    # via
    #   httpcore
    #   uvicorn
httpcore==1.0.9
    # via httpx
httptools==0.8.0
    # via
    #   streamlit
    #   uvicorn
httpx==0.28.1
    # via sql-agent (pyproject.toml)
idna==3.17
    # via
    #   anyio
    #   httpx
    #   requests
iniconfig==2.3.0
    # via pytest
itsdangerous==2.2.0
    # via streamlit
jinja2==3.1.6
    # via
    #   altair
    #   pydeck
jsonschema==4.26.0
    # via altair
jsonschema-specifications==2025.9.1
    # via jsonschema
librt==0.11.0
    # via mypy
markupsafe==3.0.3
    # via jinja2
mypy==2.1.0
    # via sql-agent (pyproject.toml)
mypy-extensions==1.1.0
    # via mypy
narwhals==2.22.0
    # via altair
numpy==2.2.6
    # via
    #   pandas
    #   pydeck
    #   sql-agent (pyproject.toml)
    #   streamlit
oci==2.176.0
    # via sql-agent (pyproject.toml)
oracledb==4.0.1
    # via sql-agent (pyproject.toml)
packaging==26.2
    # via
    #   altair
    #   pytest
    #   streamlit
pandas==2.3.3
    # via streamlit
pathspec==1.1.1
    # via mypy
pillow==12.2.0
    # via streamlit
pluggy==1.6.0
    # via
    #   pytest
    #   pytest-cov
protobuf==7.35.0
    # via streamlit
pyarrow==24.0.0
    # via streamlit
pycparser==3.0
    # via cffi
pydantic==2.13.4
    # via
    #   fastapi
    #   pydantic-settings
    #   sql-agent (pyproject.toml)
pydantic-core==2.46.4
    # via pydantic
pydantic-settings==2.14.1
    # via sql-agent (pyproject.toml)
pydeck==0.9.2
    # via streamlit
pygments==2.20.0
    # via pytest
pyopenssl==26.2.0
    # via oci
pytest==9.0.3
    # via
    #   pytest-asyncio
    #   pytest-cov
    #   sql-agent (pyproject.toml)
pytest-asyncio==1.4.0
    # via sql-agent (pyproject.toml)
pytest-cov==7.1.0
    # via sql-agent (pyproject.toml)
python-dateutil==2.9.0.post0
    # via
    #   oci
    #   pandas
python-dotenv==1.2.2
    # via
    #   pydantic-settings
    #   sql-agent (pyproject.toml)
    #   uvicorn
python-multipart==0.0.30
    # via streamlit
pytz==2026.2
    # via
    #   oci
    #   pandas
pyyaml==6.0.3
    # via uvicorn
referencing==0.37.0
    # via
    #   jsonschema
    #   jsonschema-specifications
requests==2.34.2
    # via streamlit
rpds-py==0.30.0
    # via
    #   jsonschema
    #   referencing
ruff==0.15.15
    # via sql-agent (pyproject.toml)
six==1.17.0
    # via python-dateutil
smmap==5.0.3
    # via gitdb
sqlglot==30.8.0
    # via sql-agent (pyproject.toml)
starlette==1.2.1
    # via
    #   fastapi
    #   streamlit
streamlit==1.58.0
    # via sql-agent (pyproject.toml)
structlog==25.5.0
    # via sql-agent (pyproject.toml)
tenacity==9.1.4
    # via streamlit
toml==0.10.2
    # via streamlit
tomli==2.4.1
    # via
    #   coverage
    #   mypy
    #   pytest
typing-extensions==4.15.0
    # via
    #   altair
    #   anyio
    #   cryptography
    #   exceptiongroup
    #   fastapi
    #   mypy
    #   oracledb
    #   pydantic
    #   pydantic-core
    #   pyopenssl
    #   pytest-asyncio
    #   referencing
    #   starlette
    #   streamlit
    #   structlog
    #   typing-inspection
    #   uvicorn
typing-inspection==0.4.2
    # via
    #   fastapi
    #   pydantic
    #   pydantic-settings
tzdata==2026.2
    # via pandas
urllib3==2.7.0
    # via
    #   oci
    #   requests
uvicorn[standard]==0.48.0
    # via
    #   sql-agent (pyproject.toml)
    #   streamlit
uvloop==0.22.1
    # via uvicorn
watchdog==6.0.0
    # via streamlit
watchfiles==1.2.0
    # via uvicorn
websockets==16.0
    # via
    #   streamlit
    #   uvicorn
